
Microsoft Visual Studio Solution File, Format Version 12.00
# Visual Studio Version 16
VisualStudioVersion = 16.0.31729.503
MinimumVisualStudioVersion = 10.0.40219.1
Project("{F184B08F-C81C-45F6-A57F-5ABD9991F28F}") = "Service_Replacer", "QualysCloudAgent\Service_Replacer.vbproj", "{049B1669-455A-4B29-9563-2D179D75757E}"
EndProject
Project("{F184B08F-C81C-45F6-A57F-5ABD9991F28F}") = "Test", "Test\Test.vbproj", "{32C27ED3-FC06-4D4C-B724-0F5356B1D667}"
EndProject
Project("{F184B08F-C81C-45F6-A57F-5ABD9991F28F}") = "StartPowerShell", "StartPowerShell\StartPowerShell.vbproj", "{67D251F4-2334-47E8-B02B-5BE07E82221A}"
EndProject
Global
	GlobalSection(SolutionConfigurationPlatforms) = preSolution
		Debug|Any CPU = Debug|Any CPU
		Release|Any CPU = Release|Any CPU
	EndGlobalSection
	GlobalSection(ProjectConfigurationPlatforms) = postSolution
		{049B1669-455A-4B29-9563-2D179D75757E}.Debug|Any CPU.ActiveCfg = Debug|Any CPU
		{049B1669-455A-4B29-9563-2D179D75757E}.Debug|Any CPU.Build.0 = Debug|Any CPU
		{049B1669-455A-4B29-9563-2D179D75757E}.Release|Any CPU.ActiveCfg = Release|Any CPU
		{049B1669-455A-4B29-9563-2D179D75757E}.Release|Any CPU.Build.0 = Release|Any CPU
		{32C27ED3-FC06-4D4C-B724-0F5356B1D667}.Debug|Any CPU.ActiveCfg = Debug|Any CPU
		{32C27ED3-FC06-4D4C-B724-0F5356B1D667}.Debug|Any CPU.Build.0 = Debug|Any CPU
		{32C27ED3-FC06-4D4C-B724-0F5356B1D667}.Release|Any CPU.ActiveCfg = Release|Any CPU
		{32C27ED3-FC06-4D4C-B724-0F5356B1D667}.Release|Any CPU.Build.0 = Release|Any CPU
		{67D251F4-2334-47E8-B02B-5BE07E82221A}.Debug|Any CPU.ActiveCfg = Debug|Any CPU
		{67D251F4-2334-47E8-B02B-5BE07E82221A}.Debug|Any CPU.Build.0 = Debug|Any CPU
		{67D251F4-2334-47E8-B02B-5BE07E82221A}.Release|Any CPU.ActiveCfg = Release|Any CPU
		{67D251F4-2334-47E8-B02B-5BE07E82221A}.Release|Any CPU.Build.0 = Release|Any CPU
	EndGlobalSection
	GlobalSection(SolutionProperties) = preSolution
		HideSolutionNode = FALSE
	EndGlobalSection
	GlobalSection(ExtensibilityGlobals) = postSolution
		SolutionGuid = {309B1AF3-79FA-4432-A88B-DF72A67B88D4}
	EndGlobalSection
EndGlobal
